
Microsoft Visual Studio Solution File, Format Version 12.00
# Visual Studio Version 17
VisualStudioVersion = 17.6.33815.320
MinimumVisualStudioVersion = 10.0.40219.1
Project("{FAE04EC0-301F-11D3-BF4B-00C04F79EFBC}") = "Assignment -2104001", "Assignment -2104001.csproj", "{D7269C84-F9D7-45DC-8960-AD891B67FC6C}"
EndProject
Global
	GlobalSection(SolutionConfigurationPlatforms) = preSolution
		Debug|Any CPU = Debug|Any CPU
		Release|Any CPU = Release|Any CPU
	EndGlobalSection
	GlobalSection(ProjectConfigurationPlatforms) = postSolution
		{D7269C84-F9D7-45DC-8960-AD891B67FC6C}.Debug|Any CPU.ActiveCfg = Debug|Any CPU
		{D7269C84-F9D7-45DC-8960-AD891B67FC6C}.Debug|Any CPU.Build.0 = Debug|Any CPU
		{D7269C84-F9D7-45DC-8960-AD891B67FC6C}.Release|Any CPU.ActiveCfg = Release|Any CPU
		{D7269C84-F9D7-45DC-8960-AD891B67FC6C}.Release|Any CPU.Build.0 = Release|Any CPU
	EndGlobalSection
	GlobalSection(SolutionProperties) = preSolution
		HideSolutionNode = FALSE
	EndGlobalSection
	GlobalSection(ExtensibilityGlobals) = postSolution
		SolutionGuid = {44BCC177-8943-42CD-B18E-517403E15BE1}
	EndGlobalSection
EndGlobal
